
Microsoft Visual Studio Solution File, Format Version 12.00
# Visual Studio Version 16
VisualStudioVersion = 16.0.33328.57
MinimumVisualStudioVersion = 10.0.40219.1
Project("{FAE04EC0-301F-11D3-BF4B-00C04F79EFBC}") = "SkillFactory_4_1_10", "SkillFactory_4_1_10.csproj", "{FFD825B3-4ADB-413A-A432-D23ADFE7439A}"
EndProject
Global
	GlobalSection(SolutionConfigurationPlatforms) = preSolution
		Debug|Any CPU = Debug|Any CPU
		Release|Any CPU = Release|Any CPU
	EndGlobalSection
	GlobalSection(ProjectConfigurationPlatforms) = postSolution
		{FFD825B3-4ADB-413A-A432-D23ADFE7439A}.Debug|Any CPU.ActiveCfg = Debug|Any CPU
		{FFD825B3-4ADB-413A-A432-D23ADFE7439A}.Debug|Any CPU.Build.0 = Debug|Any CPU
		{FFD825B3-4ADB-413A-A432-D23ADFE7439A}.Release|Any CPU.ActiveCfg = Release|Any CPU
		{FFD825B3-4ADB-413A-A432-D23ADFE7439A}.Release|Any CPU.Build.0 = Release|Any CPU
	EndGlobalSection
	GlobalSection(SolutionProperties) = preSolution
		HideSolutionNode = FALSE
	EndGlobalSection
	GlobalSection(ExtensibilityGlobals) = postSolution
		SolutionGuid = {2D3E8074-5685-47F0-A867-5079C3EA9732}
	EndGlobalSection
EndGlobal
